
Microsoft Visual Studio Solution File, Format Version 12.00
# Visual Studio Version 17
VisualStudioVersion = 17.5.33502.453
MinimumVisualStudioVersion = 10.0.40219.1
Project("{9A19103F-16F7-4668-BE54-9A1E7A4F7556}") = "SPA", "drawing\SPA.csproj", "{898B65BD-DF48-4BC0-AD57-37FA4180E9D3}"
EndProject
Project("{9A19103F-16F7-4668-BE54-9A1E7A4F7556}") = "SPA.UnitTests", "SPA.UnitTests\SPA.UnitTests.csproj", "{D3630E64-4A5F-4898-BE63-1984D512AFC3}"
EndProject
Global
	GlobalSection(SolutionConfigurationPlatforms) = preSolution
		Debug|Any CPU = Debug|Any CPU
		Release|Any CPU = Release|Any CPU
	EndGlobalSection
	GlobalSection(ProjectConfigurationPlatforms) = postSolution
		{898B65BD-DF48-4BC0-AD57-37FA4180E9D3}.Debug|Any CPU.ActiveCfg = Debug|Any CPU
		{898B65BD-DF48-4BC0-AD57-37FA4180E9D3}.Debug|Any CPU.Build.0 = Debug|Any CPU
		{898B65BD-DF48-4BC0-AD57-37FA4180E9D3}.Release|Any CPU.ActiveCfg = Release|Any CPU
		{898B65BD-DF48-4BC0-AD57-37FA4180E9D3}.Release|Any CPU.Build.0 = Release|Any CPU
		{D3630E64-4A5F-4898-BE63-1984D512AFC3}.Debug|Any CPU.ActiveCfg = Debug|Any CPU
		{D3630E64-4A5F-4898-BE63-1984D512AFC3}.Debug|Any CPU.Build.0 = Debug|Any CPU
		{D3630E64-4A5F-4898-BE63-1984D512AFC3}.Release|Any CPU.ActiveCfg = Release|Any CPU
		{D3630E64-4A5F-4898-BE63-1984D512AFC3}.Release|Any CPU.Build.0 = Release|Any CPU
	EndGlobalSection
	GlobalSection(SolutionProperties) = preSolution
		HideSolutionNode = FALSE
	EndGlobalSection
	GlobalSection(ExtensibilityGlobals) = postSolution
		SolutionGuid = {CA486532-A983-4677-B759-B0978E846F52}
	EndGlobalSection
EndGlobal
